schema: '2.0'
stages:
  prepare:
    cmd: python3 src/prepare.py
    deps:
    - path: data/raw
      md5: cd2158f0fd127767902c1fba03d6645f.dir
      size: 3419946595
      nfiles: 11
    - path: src/prepare.py
      md5: d4f3b09e6fba35ce2ed5f61d2374e319
      size: 3130
    outs:
    - path: data/interim
      md5: d2157f2ee3fcb92f4dc4cd62d16c4d2b.dir
      size: 69853870
      nfiles: 1
  featurize:
    cmd: python3 src/featurize.py
    deps:
    - path: data/interim
      md5: d2157f2ee3fcb92f4dc4cd62d16c4d2b.dir
      size: 69853870
      nfiles: 1
    - path: src/featurize.py
      md5: 3191ef75aca627551f8e55dbb5758c8c
      size: 2303
    outs:
    - path: data/processed
      md5: 0f624b3b0e676e0cb95195a4d0cb404f.dir
      size: 93475650
      nfiles: 1
  split_train_test:
    cmd: python3 src/split_train_test.py
    deps:
    - path: data/processed
      md5: 0f624b3b0e676e0cb95195a4d0cb404f.dir
      size: 93475650
      nfiles: 1
    - path: src/split_train_test.py
      md5: 3b34b2ea51bf16a2e62455de09f1706d
      size: 2221
    outs:
    - path: data/evaluation
      md5: 8920f102f7a39297b11eba26135d45d6.dir
      size: 92834842
      nfiles: 2
  generate_vectors:
    cmd: python3 src/generate_vectors.py
    deps:
    - path: data/evaluation
      md5: 8920f102f7a39297b11eba26135d45d6.dir
      size: 92834842
      nfiles: 2
    - path: src/generate_vectors.py
      md5: 2e7af6313dda6932769094b3ce886ff2
      size: 2675
    outs:
    - path: models/d2v
      md5: bfeecf52ab3b83bf0240baa13b3626fd.dir
      size: 37470043
      nfiles: 2
