schema: '2.0'
stages:
  prepare:
    cmd: python3 src/prepare.py
    deps:
    - path: data/raw
      md5: b5d161604a008b413bcc8d9ea1311d10.dir
      size: 2352080004
      nfiles: 11
    - path: src/prepare.py
      md5: d709fc5f4e09ce76c13db392debde5e6
      size: 3007
    outs:
    - path: data/interim
      md5: ba1c61cd79d7ac29c28b092a7af1bf25.dir
      size: 53958298
      nfiles: 1
  featurize:
    cmd: python3 src/featurize.py
    deps:
    - path: data/interim
      md5: ba1c61cd79d7ac29c28b092a7af1bf25.dir
      size: 53958298
      nfiles: 1
    - path: src/featurize.py
      md5: 8c734c3f4b59ed8ff8821d449ef45f50
      size: 2348
    outs:
    - path: data/processed
      md5: 3e0aa1db9f8550c284f5a49a2fc2f339.dir
      size: 73898730
      nfiles: 1
